
Microsoft Visual Studio Solution File, Format Version 12.00
# Visual Studio 15
VisualStudioVersion = 15.0.28307.1082
MinimumVisualStudioVersion = 10.0.40219.1
Project("{FAE04EC0-301F-11D3-BF4B-00C04F79EFBC}") = "DBApp", "DBApp\DBApp.csproj", "{C413812E-A795-4496-A4BE-AA8B4108373D}"
EndProject
Global
	GlobalSection(SolutionConfigurationPlatforms) = preSolution
		Debug|Any CPU = Debug|Any CPU
		Release|Any CPU = Release|Any CPU
	EndGlobalSection
	GlobalSection(ProjectConfigurationPlatforms) = postSolution
		{C413812E-A795-4496-A4BE-AA8B4108373D}.Debug|Any CPU.ActiveCfg = Debug|Any CPU
		{C413812E-A795-4496-A4BE-AA8B4108373D}.Debug|Any CPU.Build.0 = Debug|Any CPU
		{C413812E-A795-4496-A4BE-AA8B4108373D}.Release|Any CPU.ActiveCfg = Release|Any CPU
		{C413812E-A795-4496-A4BE-AA8B4108373D}.Release|Any CPU.Build.0 = Release|Any CPU
	EndGlobalSection
	GlobalSection(SolutionProperties) = preSolution
		HideSolutionNode = FALSE
	EndGlobalSection
	GlobalSection(ExtensibilityGlobals) = postSolution
		SolutionGuid = {61BBE786-539A-48EB-A1B8-5D9F4AAA8645}
	EndGlobalSection
EndGlobal
